// !$*UTF8*$!
{
	archiveVersion = 1;
	classes = {
	};
	objectVersion = 46;
	objects = {

/* Begin PBXBuildFile section */
		00E356F31AD99517003FC87E /* idealTests.m in Sources */ = {isa = PBXBuildFile; fileRef = 00E356F21AD99517003FC87E /* idealTests.m */; };
		13B07FBC1A68108700A75B9A /* AppDelegate.m in Sources */ = {isa = PBXBuildFile; fileRef = 13B07FB01A68108700A75B9A /* AppDelegate.m */; };
		13B07FBD1A68108700A75B9A /* LaunchScreen.xib in Resources */ = {isa = PBXBuildFile; fileRef = 13B07FB11A68108700A75B9A /* LaunchScreen.xib */; };
		13B07FBF1A68108700A75B9A /* Images.xcassets in Resources */ = {isa = PBXBuildFile; fileRef = 13B07FB51A68108700A75B9A /* Images.xcassets */; };
		13B07FC11A68108700A75B9A /* main.m in Sources */ = {isa = PBXBuildFile; fileRef = 13B07FB71A68108700A75B9A /* main.m */; };
		576761418A156667B0F21B5E /* libPods.a in Frameworks */ = {isa = PBXBuildFile; fileRef = F36BA5EC4C1DA1CC4BB0E1E2 /* libPods.a */; };
		98327B3E1C3AB5F800EF5D2D /* Social.framework in Frameworks */ = {isa = PBXBuildFile; fileRef = 98327B3D1C3AB5F800EF5D2D /* Social.framework */; };
		98327B471C3AD93300EF5D2D /* libRCTLinking.a in Frameworks */ = {isa = PBXBuildFile; fileRef = 98327B451C3AD8B900EF5D2D /* libRCTLinking.a */; };
		98327B5C1C3BC40B00EF5D2D /* BMEpayException.m in Sources */ = {isa = PBXBuildFile; fileRef = 98327B581C3BC40B00EF5D2D /* BMEpayException.m */; };
		98327B5D1C3BC40B00EF5D2D /* BMEpayViewController.m in Sources */ = {isa = PBXBuildFile; fileRef = 98327B5B1C3BC40B00EF5D2D /* BMEpayViewController.m */; };
		98327B601C3BE82000EF5D2D /* Epay.m in Sources */ = {isa = PBXBuildFile; fileRef = 98327B5F1C3BE82000EF5D2D /* Epay.m */; };
		98327B661C3C2A3800EF5D2D /* RCTTest.m in Sources */ = {isa = PBXBuildFile; fileRef = 98327B651C3C2A3800EF5D2D /* RCTTest.m */; };
		98327B691C3CDF1A00EF5D2D /* MediaController.m in Sources */ = {isa = PBXBuildFile; fileRef = 98327B681C3CDF1A00EF5D2D /* MediaController.m */; };
		98FA8A0D1C339835008B814E /* Mapbox.bundle in Resources */ = {isa = PBXBuildFile; fileRef = 98FA8A0C1C339835008B814E /* Mapbox.bundle */; };
		98FA8A0F1C339885008B814E /* Settings.bundle in Resources */ = {isa = PBXBuildFile; fileRef = 98FA8A0E1C339885008B814E /* Settings.bundle */; };
		98FA8A111C3398D4008B814E /* CoreTelephony.framework in Frameworks */ = {isa = PBXBuildFile; fileRef = 98FA8A101C3398D4008B814E /* CoreTelephony.framework */; };
		98FA8A131C3398E1008B814E /* GLKit.framework in Frameworks */ = {isa = PBXBuildFile; fileRef = 98FA8A121C3398E1008B814E /* GLKit.framework */; };
		98FA8A151C3398F0008B814E /* ImageIO.framework in Frameworks */ = {isa = PBXBuildFile; fileRef = 98FA8A141C3398F0008B814E /* ImageIO.framework */; };
		98FA8A171C339902008B814E /* MobileCoreServices.framework in Frameworks */ = {isa = PBXBuildFile; fileRef = 98FA8A161C339902008B814E /* MobileCoreServices.framework */; };
		98FA8A191C339911008B814E /* QuartzCore.framework in Frameworks */ = {isa = PBXBuildFile; fileRef = 98FA8A181C339911008B814E /* QuartzCore.framework */; };
		98FA8A1B1C33991C008B814E /* SystemConfiguration.framework in Frameworks */ = {isa = PBXBuildFile; fileRef = 98FA8A1A1C33991C008B814E /* SystemConfiguration.framework */; };
		98FA8A1D1C33994E008B814E /* libc++.tbd in Frameworks */ = {isa = PBXBuildFile; fileRef = 98FA8A1C1C33994E008B814E /* libc++.tbd */; };
		98FA8A1F1C339965008B814E /* libsqlite3.tbd in Frameworks */ = {isa = PBXBuildFile; fileRef = 98FA8A1E1C339965008B814E /* libsqlite3.tbd */; };
		98FA8A211C339CE0008B814E /* libz.tbd in Frameworks */ = {isa = PBXBuildFile; fileRef = 98FA8A201C339CE0008B814E /* libz.tbd */; };
		98FA8A411C34DF57008B814E /* libRNSpinkit.a in Frameworks */ = {isa = PBXBuildFile; fileRef = 98FA8A401C34DF4B008B814E /* libRNSpinkit.a */; };
/* End PBXBuildFile section */

/* Begin PBXContainerItemProxy section */
		00E356F41AD99517003FC87E /* PBXContainerItemProxy */ = {
			isa = PBXContainerItemProxy;
			containerPortal = 83CBB9F71A601CBA00E9B192 /* Project object */;
			proxyType = 1;
			remoteGlobalIDString = 13B07F861A680F5B00A75B9A;
			remoteInfo = ideal;
		};
		98327B441C3AD8B900EF5D2D /* PBXContainerItemProxy */ = {
			isa = PBXContainerItemProxy;
			containerPortal = 98327B401C3AD8B900EF5D2D /* RCTLinking.xcodeproj */;
			proxyType = 2;
			remoteGlobalIDString = 134814201AA4EA6300B7C361;
			remoteInfo = RCTLinking;
		};
		98FA8A3F1C34DF4B008B814E /* PBXContainerItemProxy */ = {
			isa = PBXContainerItemProxy;
			containerPortal = 98FA8A3B1C34DF4B008B814E /* RNSpinkit.xcodeproj */;
			proxyType = 2;
			remoteGlobalIDString = D42CB3511B2538DE00FD0AE2;
			remoteInfo = RNSpinkit;
		};
/* End PBXContainerItemProxy section */

/* Begin PBXFileReference section */
		008F07F21AC5B25A0029DE68 /* main.jsbundle */ = {isa = PBXFileReference; fileEncoding = 4; lastKnownFileType = text; path = main.jsbundle; sourceTree = "<group>"; };
		00E356EE1AD99517003FC87E /* idealTests.xctest */ = {isa = PBXFileReference; explicitFileType = wrapper.cfbundle; includeInIndex = 0; path = idealTests.xctest; sourceTree = BUILT_PRODUCTS_DIR; };
		00E356F11AD99517003FC87E /* Info.plist */ = {isa = PBXFileReference; lastKnownFileType = text.plist.xml; path = Info.plist; sourceTree = "<group>"; };
		00E356F21AD99517003FC87E /* idealTests.m */ = {isa = PBXFileReference; lastKnownFileType = sourcecode.c.objc; path = idealTests.m; sourceTree = "<group>"; };
		13B07F961A680F5B00A75B9A /* ideal.app */ = {isa = PBXFileReference; explicitFileType = wrapper.application; includeInIndex = 0; path = ideal.app; sourceTree = BUILT_PRODUCTS_DIR; };
		13B07FAF1A68108700A75B9A /* AppDelegate.h */ = {isa = PBXFileReference; fileEncoding = 4; lastKnownFileType = sourcecode.c.h; name = AppDelegate.h; path = ideal/AppDelegate.h; sourceTree = "<group>"; };
		13B07FB01A68108700A75B9A /* AppDelegate.m */ = {isa = PBXFileReference; fileEncoding = 4; lastKnownFileType = sourcecode.c.objc; name = AppDelegate.m; path = ideal/AppDelegate.m; sourceTree = "<group>"; };
		13B07FB21A68108700A75B9A /* Base */ = {isa = PBXFileReference; lastKnownFileType = file.xib; name = Base; path = Base.lproj/LaunchScreen.xib; sourceTree = "<group>"; };
		13B07FB51A68108700A75B9A /* Images.xcassets */ = {isa = PBXFileReference; lastKnownFileType = folder.assetcatalog; name = Images.xcassets; path = ideal/Images.xcassets; sourceTree = "<group>"; };
		13B07FB61A68108700A75B9A /* Info.plist */ = {isa = PBXFileReference; fileEncoding = 4; lastKnownFileType = text.plist.xml; name = Info.plist; path = ideal/Info.plist; sourceTree = "<group>"; };
		13B07FB71A68108700A75B9A /* main.m */ = {isa = PBXFileReference; fileEncoding = 4; lastKnownFileType = sourcecode.c.objc; name = main.m; path = ideal/main.m; sourceTree = "<group>"; };
		3CD4B4DCFC59FAE8B320BD18 /* Pods.release.xcconfig */ = {isa = PBXFileReference; includeInIndex = 1; lastKnownFileType = text.xcconfig; name = Pods.release.xcconfig; path = "Pods/Target Support Files/Pods/Pods.release.xcconfig"; sourceTree = "<group>"; };
		6E9C8FEF6079D4ECB745805B /* Pods.debug.xcconfig */ = {isa = PBXFileReference; includeInIndex = 1; lastKnownFileType = text.xcconfig; name = Pods.debug.xcconfig; path = "Pods/Target Support Files/Pods/Pods.debug.xcconfig"; sourceTree = "<group>"; };
		98327B3D1C3AB5F800EF5D2D /* Social.framework */ = {isa = PBXFileReference; lastKnownFileType = wrapper.framework; name = Social.framework; path = System/Library/Frameworks/Social.framework; sourceTree = SDKROOT; };
		98327B401C3AD8B900EF5D2D /* RCTLinking.xcodeproj */ = {isa = PBXFileReference; lastKnownFileType = "wrapper.pb-project"; name = RCTLinking.xcodeproj; path = "../node_modules/react-native/Libraries/LinkingIOS/RCTLinking.xcodeproj"; sourceTree = "<group>"; };
		98327B561C3BC40B00EF5D2D /* BMEpayDefines.h */ = {isa = PBXFileReference; fileEncoding = 4; lastKnownFileType = sourcecode.c.h; name = BMEpayDefines.h; path = "../../epay-sdk-ios/EpaySDKSample/BMEpaySDK/BMEpayDefines.h"; sourceTree = "<group>"; };
		98327B571C3BC40B00EF5D2D /* BMEpayException.h */ = {isa = PBXFileReference; fileEncoding = 4; lastKnownFileType = sourcecode.c.h; name = BMEpayException.h; path = "../../epay-sdk-ios/EpaySDKSample/BMEpaySDK/BMEpayException.h"; sourceTree = "<group>"; };
		98327B581C3BC40B00EF5D2D /* BMEpayException.m */ = {isa = PBXFileReference; fileEncoding = 4; lastKnownFileType = sourcecode.c.objc; name = BMEpayException.m; path = "../../epay-sdk-ios/EpaySDKSample/BMEpaySDK/BMEpayException.m"; sourceTree = "<group>"; };
		98327B591C3BC40B00EF5D2D /* BMEpaySDK.h */ = {isa = PBXFileReference; fileEncoding = 4; lastKnownFileType = sourcecode.c.h; name = BMEpaySDK.h; path = "../../epay-sdk-ios/EpaySDKSample/BMEpaySDK/BMEpaySDK.h"; sourceTree = "<group>"; };
		98327B5A1C3BC40B00EF5D2D /* BMEpayViewController.h */ = {isa = PBXFileReference; fileEncoding = 4; lastKnownFileType = sourcecode.c.h; name = BMEpayViewController.h; path = "../../epay-sdk-ios/EpaySDKSample/BMEpaySDK/BMEpayViewController.h"; sourceTree = "<group>"; };
		98327B5B1C3BC40B00EF5D2D /* BMEpayViewController.m */ = {isa = PBXFileReference; fileEncoding = 4; lastKnownFileType = sourcecode.c.objc; name = BMEpayViewController.m; path = "../../epay-sdk-ios/EpaySDKSample/BMEpaySDK/BMEpayViewController.m"; sourceTree = "<group>"; };
		98327B5E1C3BE82000EF5D2D /* Epay.h */ = {isa = PBXFileReference; fileEncoding = 4; lastKnownFileType = sourcecode.c.h; name = Epay.h; path = ideal/Epay.h; sourceTree = "<group>"; };
		98327B5F1C3BE82000EF5D2D /* Epay.m */ = {isa = PBXFileReference; fileEncoding = 4; lastKnownFileType = sourcecode.c.objc; name = Epay.m; path = ideal/Epay.m; sourceTree = "<group>"; };
		98327B641C3C2A3800EF5D2D /* RCTTest.h */ = {isa = PBXFileReference; fileEncoding = 4; lastKnownFileType = sourcecode.c.h; name = RCTTest.h; path = ideal/RCTTest.h; sourceTree = "<group>"; };
		98327B651C3C2A3800EF5D2D /* RCTTest.m */ = {isa = PBXFileReference; fileEncoding = 4; lastKnownFileType = sourcecode.c.objc; name = RCTTest.m; path = ideal/RCTTest.m; sourceTree = "<group>"; };
		98327B671C3CDF1A00EF5D2D /* MediaController.h */ = {isa = PBXFileReference; fileEncoding = 4; lastKnownFileType = sourcecode.c.h; name = MediaController.h; path = ideal/MediaController.h; sourceTree = "<group>"; };
		98327B681C3CDF1A00EF5D2D /* MediaController.m */ = {isa = PBXFileReference; fileEncoding = 4; lastKnownFileType = sourcecode.c.objc; name = MediaController.m; path = ideal/MediaController.m; sourceTree = "<group>"; };
		98FA8A0C1C339835008B814E /* Mapbox.bundle */ = {isa = PBXFileReference; lastKnownFileType = "wrapper.plug-in"; path = Mapbox.bundle; sourceTree = "<group>"; };
		98FA8A0E1C339885008B814E /* Settings.bundle */ = {isa = PBXFileReference; lastKnownFileType = "wrapper.plug-in"; path = Settings.bundle; sourceTree = "<group>"; };
		98FA8A101C3398D4008B814E /* CoreTelephony.framework */ = {isa = PBXFileReference; lastKnownFileType = wrapper.framework; name = CoreTelephony.framework; path = System/Library/Frameworks/CoreTelephony.framework; sourceTree = SDKROOT; };
		98FA8A121C3398E1008B814E /* GLKit.framework */ = {isa = PBXFileReference; lastKnownFileType = wrapper.framework; name = GLKit.framework; path = System/Library/Frameworks/GLKit.framework; sourceTree = SDKROOT; };
		98FA8A141C3398F0008B814E /* ImageIO.framework */ = {isa = PBXFileReference; lastKnownFileType = wrapper.framework; name = ImageIO.framework; path = System/Library/Frameworks/ImageIO.framework; sourceTree = SDKROOT; };
		98FA8A161C339902008B814E /* MobileCoreServices.framework */ = {isa = PBXFileReference; lastKnownFileType = wrapper.framework; name = MobileCoreServices.framework; path = System/Library/Frameworks/MobileCoreServices.framework; sourceTree = SDKROOT; };
		98FA8A181C339911008B814E /* QuartzCore.framework */ = {isa = PBXFileReference; lastKnownFileType = wrapper.framework; name = QuartzCore.framework; path = System/Library/Frameworks/QuartzCore.framework; sourceTree = SDKROOT; };
		98FA8A1A1C33991C008B814E /* SystemConfiguration.framework */ = {isa = PBXFileReference; lastKnownFileType = wrapper.framework; name = SystemConfiguration.framework; path = System/Library/Frameworks/SystemConfiguration.framework; sourceTree = SDKROOT; };
		98FA8A1C1C33994E008B814E /* libc++.tbd */ = {isa = PBXFileReference; lastKnownFileType = "sourcecode.text-based-dylib-definition"; name = "libc++.tbd"; path = "usr/lib/libc++.tbd"; sourceTree = SDKROOT; };
		98FA8A1E1C339965008B814E /* libsqlite3.tbd */ = {isa = PBXFileReference; lastKnownFileType = "sourcecode.text-based-dylib-definition"; name = libsqlite3.tbd; path = usr/lib/libsqlite3.tbd; sourceTree = SDKROOT; };
		98FA8A201C339CE0008B814E /* libz.tbd */ = {isa = PBXFileReference; lastKnownFileType = "sourcecode.text-based-dylib-definition"; name = libz.tbd; path = usr/lib/libz.tbd; sourceTree = SDKROOT; };
		98FA8A221C343413008B814E /* libAFNetworking.a */ = {isa = PBXFileReference; lastKnownFileType = archive.ar; name = libAFNetworking.a; path = "Pods/../build/Debug-iphoneos/libAFNetworking.a"; sourceTree = "<group>"; };
		98FA8A231C343413008B814E /* libCocoaLumberjack.a */ = {isa = PBXFileReference; lastKnownFileType = archive.ar; name = libCocoaLumberjack.a; path = "Pods/../build/Debug-iphoneos/libCocoaLumberjack.a"; sourceTree = "<group>"; };
		98FA8A241C343413008B814E /* libLock.a */ = {isa = PBXFileReference; lastKnownFileType = archive.ar; name = libLock.a; path = "Pods/../build/Debug-iphoneos/libLock.a"; sourceTree = "<group>"; };
		98FA8A251C343413008B814E /* libLockReactNative.a */ = {isa = PBXFileReference; lastKnownFileType = archive.ar; name = libLockReactNative.a; path = "Pods/../build/Debug-iphoneos/libLockReactNative.a"; sourceTree = "<group>"; };
		98FA8A261C343413008B814E /* libMapbox-iOS-SDK.a */ = {isa = PBXFileReference; lastKnownFileType = archive.ar; name = "libMapbox-iOS-SDK.a"; path = "Pods/../build/Debug-iphoneos/libMapbox-iOS-SDK.a"; sourceTree = "<group>"; };
		98FA8A271C343413008B814E /* libRCTMapboxGL.a */ = {isa = PBXFileReference; lastKnownFileType = archive.ar; name = libRCTMapboxGL.a; path = "Pods/../build/Debug-iphoneos/libRCTMapboxGL.a"; sourceTree = "<group>"; };
		98FA8A281C343413008B814E /* libReact.a */ = {isa = PBXFileReference; lastKnownFileType = archive.ar; name = libReact.a; path = "Pods/../build/Debug-iphoneos/libReact.a"; sourceTree = "<group>"; };
		98FA8A291C343413008B814E /* libSimpleKeychain.a */ = {isa = PBXFileReference; lastKnownFileType = archive.ar; name = libSimpleKeychain.a; path = "Pods/../build/Debug-iphoneos/libSimpleKeychain.a"; sourceTree = "<group>"; };
		98FA8A2A1C343413008B814E /* libTouchIDAuth.a */ = {isa = PBXFileReference; lastKnownFileType = archive.ar; name = libTouchIDAuth.a; path = "Pods/../build/Debug-iphoneos/libTouchIDAuth.a"; sourceTree = "<group>"; };
		98FA8A3B1C34DF4B008B814E /* RNSpinkit.xcodeproj */ = {isa = PBXFileReference; lastKnownFileType = "wrapper.pb-project"; name = RNSpinkit.xcodeproj; path = "../node_modules/react-native-spinkit/ios/RNSpinkit.xcodeproj"; sourceTree = "<group>"; };
		F36BA5EC4C1DA1CC4BB0E1E2 /* libPods.a */ = {isa = PBXFileReference; explicitFileType = archive.ar; includeInIndex = 0; path = libPods.a; sourceTree = BUILT_PRODUCTS_DIR; };
/* End PBXFileReference section */

/* Begin PBXFrameworksBuildPhase section */
		00E356EB1AD99517003FC87E /* Frameworks */ = {
			isa = PBXFrameworksBuildPhase;
			buildActionMask = 2147483647;
			files = (
			);
			runOnlyForDeploymentPostprocessing = 0;
		};
		13B07F8C1A680F5B00A75B9A /* Frameworks */ = {
			isa = PBXFrameworksBuildPhase;
			buildActionMask = 2147483647;
			files = (
				98327B471C3AD93300EF5D2D /* libRCTLinking.a in Frameworks */,
				98327B3E1C3AB5F800EF5D2D /* Social.framework in Frameworks */,
				98FA8A411C34DF57008B814E /* libRNSpinkit.a in Frameworks */,
				98FA8A211C339CE0008B814E /* libz.tbd in Frameworks */,
				98FA8A1F1C339965008B814E /* libsqlite3.tbd in Frameworks */,
				98FA8A1D1C33994E008B814E /* libc++.tbd in Frameworks */,
				98FA8A1B1C33991C008B814E /* SystemConfiguration.framework in Frameworks */,
				98FA8A191C339911008B814E /* QuartzCore.framework in Frameworks */,
				98FA8A171C339902008B814E /* MobileCoreServices.framework in Frameworks */,
				98FA8A151C3398F0008B814E /* ImageIO.framework in Frameworks */,
				98FA8A131C3398E1008B814E /* GLKit.framework in Frameworks */,
				98FA8A111C3398D4008B814E /* CoreTelephony.framework in Frameworks */,
				576761418A156667B0F21B5E /* libPods.a in Frameworks */,
			);
			runOnlyForDeploymentPostprocessing = 0;
		};
/* End PBXFrameworksBuildPhase section */

/* Begin PBXGroup section */
		00E356EF1AD99517003FC87E /* idealTests */ = {
			isa = PBXGroup;
			children = (
				00E356F21AD99517003FC87E /* idealTests.m */,
				00E356F01AD99517003FC87E /* Supporting Files */,
			);
			path = idealTests;
			sourceTree = "<group>";
		};
		00E356F01AD99517003FC87E /* Supporting Files */ = {
			isa = PBXGroup;
			children = (
				00E356F11AD99517003FC87E /* Info.plist */,
			);
			name = "Supporting Files";
			sourceTree = "<group>";
		};
		13B07FAE1A68108700A75B9A /* ideal */ = {
			isa = PBXGroup;
			children = (
				98327B551C3BC3E600EF5D2D /* BMEpaySDK */,
				008F07F21AC5B25A0029DE68 /* main.jsbundle */,
				13B07FAF1A68108700A75B9A /* AppDelegate.h */,
				13B07FB01A68108700A75B9A /* AppDelegate.m */,
				13B07FB51A68108700A75B9A /* Images.xcassets */,
				13B07FB61A68108700A75B9A /* Info.plist */,
				13B07FB11A68108700A75B9A /* LaunchScreen.xib */,
				13B07FB71A68108700A75B9A /* main.m */,
				98327B5E1C3BE82000EF5D2D /* Epay.h */,
				98327B5F1C3BE82000EF5D2D /* Epay.m */,
				98327B641C3C2A3800EF5D2D /* RCTTest.h */,
				98327B651C3C2A3800EF5D2D /* RCTTest.m */,
				98327B671C3CDF1A00EF5D2D /* MediaController.h */,
				98327B681C3CDF1A00EF5D2D /* MediaController.m */,
			);
			name = ideal;
			sourceTree = "<group>";
		};
		832341AE1AAA6A7D00B99B32 /* Libraries */ = {
			isa = PBXGroup;
			children = (
				98327B401C3AD8B900EF5D2D /* RCTLinking.xcodeproj */,
				98FA8A3B1C34DF4B008B814E /* RNSpinkit.xcodeproj */,
			);
			name = Libraries;
			sourceTree = "<group>";
		};
		83CBB9F61A601CBA00E9B192 = {
			isa = PBXGroup;
			children = (
				98FA8A1E1C339965008B814E /* libsqlite3.tbd */,
				98FA8A201C339CE0008B814E /* libz.tbd */,
				98FA8A1C1C33994E008B814E /* libc++.tbd */,
				98FA8A1A1C33991C008B814E /* SystemConfiguration.framework */,
				98FA8A181C339911008B814E /* QuartzCore.framework */,
				98FA8A161C339902008B814E /* MobileCoreServices.framework */,
				98FA8A141C3398F0008B814E /* ImageIO.framework */,
				98FA8A121C3398E1008B814E /* GLKit.framework */,
				98FA8A101C3398D4008B814E /* CoreTelephony.framework */,
				98FA8A0E1C339885008B814E /* Settings.bundle */,
				98FA8A0C1C339835008B814E /* Mapbox.bundle */,
				13B07FAE1A68108700A75B9A /* ideal */,
				832341AE1AAA6A7D00B99B32 /* Libraries */,
				00E356EF1AD99517003FC87E /* idealTests */,
				83CBBA001A601CBA00E9B192 /* Products */,
				9778D62DBB7359CA4A3CC471 /* Pods */,
				982922C28076C8EE4F3538F1 /* Frameworks */,
			);
			indentWidth = 2;
			sourceTree = "<group>";
			tabWidth = 2;
		};
		83CBBA001A601CBA00E9B192 /* Products */ = {
			isa = PBXGroup;
			children = (
				13B07F961A680F5B00A75B9A /* ideal.app */,
				00E356EE1AD99517003FC87E /* idealTests.xctest */,
			);
			name = Products;
			sourceTree = "<group>";
		};
		9778D62DBB7359CA4A3CC471 /* Pods */ = {
			isa = PBXGroup;
			children = (
				6E9C8FEF6079D4ECB745805B /* Pods.debug.xcconfig */,
				3CD4B4DCFC59FAE8B320BD18 /* Pods.release.xcconfig */,
			);
			name = Pods;
			sourceTree = "<group>";
		};
		982922C28076C8EE4F3538F1 /* Frameworks */ = {
			isa = PBXGroup;
			children = (
				98327B3D1C3AB5F800EF5D2D /* Social.framework */,
				98FA8A221C343413008B814E /* libAFNetworking.a */,
				98FA8A231C343413008B814E /* libCocoaLumberjack.a */,
				98FA8A241C343413008B814E /* libLock.a */,
				98FA8A251C343413008B814E /* libLockReactNative.a */,
				98FA8A261C343413008B814E /* libMapbox-iOS-SDK.a */,
				98FA8A271C343413008B814E /* libRCTMapboxGL.a */,
				98FA8A281C343413008B814E /* libReact.a */,
				98FA8A291C343413008B814E /* libSimpleKeychain.a */,
				98FA8A2A1C343413008B814E /* libTouchIDAuth.a */,
				F36BA5EC4C1DA1CC4BB0E1E2 /* libPods.a */,
			);
			name = Frameworks;
			sourceTree = "<group>";
		};
		98327B411C3AD8B900EF5D2D /* Products */ = {
			isa = PBXGroup;
			children = (
				98327B451C3AD8B900EF5D2D /* libRCTLinking.a */,
			);
			name = Products;
			sourceTree = "<group>";
		};
		98327B551C3BC3E600EF5D2D /* BMEpaySDK */ = {
			isa = PBXGroup;
			children = (
				98327B561C3BC40B00EF5D2D /* BMEpayDefines.h */,
				98327B571C3BC40B00EF5D2D /* BMEpayException.h */,
				98327B581C3BC40B00EF5D2D /* BMEpayException.m */,
				98327B591C3BC40B00EF5D2D /* BMEpaySDK.h */,
				98327B5A1C3BC40B00EF5D2D /* BMEpayViewController.h */,
				98327B5B1C3BC40B00EF5D2D /* BMEpayViewController.m */,
			);
			name = BMEpaySDK;
			sourceTree = "<group>";
		};
		98FA8A3C1C34DF4B008B814E /* Products */ = {
			isa = PBXGroup;
			children = (
				98FA8A401C34DF4B008B814E /* libRNSpinkit.a */,
			);
			name = Products;
			sourceTree = "<group>";
		};
/* End PBXGroup section */

/* Begin PBXNativeTarget section */
		00E356ED1AD99517003FC87E /* idealTests */ = {
			isa = PBXNativeTarget;
			buildConfigurationList = 00E357021AD99517003FC87E /* Build configuration list for PBXNativeTarget "idealTests" */;
			buildPhases = (
				00E356EA1AD99517003FC87E /* Sources */,
				00E356EB1AD99517003FC87E /* Frameworks */,
				00E356EC1AD99517003FC87E /* Resources */,
			);
			buildRules = (
			);
			dependencies = (
				00E356F51AD99517003FC87E /* PBXTargetDependency */,
			);
			name = idealTests;
			productName = idealTests;
			productReference = 00E356EE1AD99517003FC87E /* idealTests.xctest */;
			productType = "com.apple.product-type.bundle.unit-test";
		};
		13B07F861A680F5B00A75B9A /* ideal */ = {
			isa = PBXNativeTarget;
			buildConfigurationList = 13B07F931A680F5B00A75B9A /* Build configuration list for PBXNativeTarget "ideal" */;
			buildPhases = (
				819500A14E6FB14056C9C696 /* Check Pods Manifest.lock */,
				13B07F871A680F5B00A75B9A /* Sources */,
				13B07F8C1A680F5B00A75B9A /* Frameworks */,
				13B07F8E1A680F5B00A75B9A /* Resources */,
				00DD1BFF1BD5951E006B06BC /* Bundle React Native code and images */,
				14A67420A24449F8D9F246AE /* Embed Pods Frameworks */,
				E4FBF2B53244F99EDA281D37 /* Copy Pods Resources */,
			);
			buildRules = (
			);
			dependencies = (
			);
			name = ideal;
			productName = "Hello World";
			productReference = 13B07F961A680F5B00A75B9A /* ideal.app */;
			productType = "com.apple.product-type.application";
		};
/* End PBXNativeTarget section */

/* Begin PBXProject section */
		83CBB9F71A601CBA00E9B192 /* Project object */ = {
			isa = PBXProject;
			attributes = {
				LastUpgradeCheck = 0610;
				ORGANIZATIONNAME = Facebook;
				TargetAttributes = {
					00E356ED1AD99517003FC87E = {
						CreatedOnToolsVersion = 6.2;
						TestTargetID = 13B07F861A680F5B00A75B9A;
					};
				};
			};
			buildConfigurationList = 83CBB9FA1A601CBA00E9B192 /* Build configuration list for PBXProject "ideal" */;
			compatibilityVersion = "Xcode 3.2";
			developmentRegion = English;
			hasScannedForEncodings = 0;
			knownRegions = (
				en,
				Base,
			);
			mainGroup = 83CBB9F61A601CBA00E9B192;
			productRefGroup = 83CBBA001A601CBA00E9B192 /* Products */;
			projectDirPath = "";
			projectReferences = (
				{
					ProductGroup = 98327B411C3AD8B900EF5D2D /* Products */;
					ProjectRef = 98327B401C3AD8B900EF5D2D /* RCTLinking.xcodeproj */;
				},
				{
					ProductGroup = 98FA8A3C1C34DF4B008B814E /* Products */;
					ProjectRef = 98FA8A3B1C34DF4B008B814E /* RNSpinkit.xcodeproj */;
				},
			);
			projectRoot = "";
			targets = (
				13B07F861A680F5B00A75B9A /* ideal */,
				00E356ED1AD99517003FC87E /* idealTests */,
			);
		};
/* End PBXProject section */

/* Begin PBXReferenceProxy section */
		98327B451C3AD8B900EF5D2D /* libRCTLinking.a */ = {
			isa = PBXReferenceProxy;
			fileType = archive.ar;
			path = libRCTLinking.a;
			remoteRef = 98327B441C3AD8B900EF5D2D /* PBXContainerItemProxy */;
			sourceTree = BUILT_PRODUCTS_DIR;
		};
		98FA8A401C34DF4B008B814E /* libRNSpinkit.a */ = {
			isa = PBXReferenceProxy;
			fileType = archive.ar;
			path = libRNSpinkit.a;
			remoteRef = 98FA8A3F1C34DF4B008B814E /* PBXContainerItemProxy */;
			sourceTree = BUILT_PRODUCTS_DIR;
		};
/* End PBXReferenceProxy section */

/* Begin PBXResourcesBuildPhase section */
		00E356EC1AD99517003FC87E /* Resources */ = {
			isa = PBXResourcesBuildPhase;
			buildActionMask = 2147483647;
			files = (
			);
			runOnlyForDeploymentPostprocessing = 0;
		};
		13B07F8E1A680F5B00A75B9A /* Resources */ = {
			isa = PBXResourcesBuildPhase;
			buildActionMask = 2147483647;
			files = (
				98FA8A0F1C339885008B814E /* Settings.bundle in Resources */,
				98FA8A0D1C339835008B814E /* Mapbox.bundle in Resources */,
				13B07FBF1A68108700A75B9A /* Images.xcassets in Resources */,
				13B07FBD1A68108700A75B9A /* LaunchScreen.xib in Resources */,
			);
			runOnlyForDeploymentPostprocessing = 0;
		};
/* End PBXResourcesBuildPhase section */

/* Begin PBXShellScriptBuildPhase section */
		00DD1BFF1BD5951E006B06BC /* Bundle React Native code and images */ = {
			isa = PBXShellScriptBuildPhase;
			buildActionMask = 2147483647;
			files = (
			);
			inputPaths = (
			);
			name = "Bundle React Native code and images";
			outputPaths = (
			);
			runOnlyForDeploymentPostprocessing = 0;
			shellPath = /bin/sh;
			shellScript = "../node_modules/react-native/packager/react-native-xcode.sh";
		};
		14A67420A24449F8D9F246AE /* Embed Pods Frameworks */ = {
			isa = PBXShellScriptBuildPhase;
			buildActionMask = 2147483647;
			files = (
			);
			inputPaths = (
			);
			name = "Embed Pods Frameworks";
			outputPaths = (
			);
			runOnlyForDeploymentPostprocessing = 0;
			shellPath = /bin/sh;
			shellScript = "\"${SRCROOT}/Pods/Target Support Files/Pods/Pods-frameworks.sh\"\n";
			showEnvVarsInLog = 0;
		};
		819500A14E6FB14056C9C696 /* Check Pods Manifest.lock */ = {
			isa = PBXShellScriptBuildPhase;
			buildActionMask = 2147483647;
			files = (
			);
			inputPaths = (
			);
			name = "Check Pods Manifest.lock";
			outputPaths = (
			);
			runOnlyForDeploymentPostprocessing = 0;
			shellPath = /bin/sh;
			shellScript = "diff \"${PODS_ROOT}/../Podfile.lock\" \"${PODS_ROOT}/Manifest.lock\" > /dev/null\nif [[ $? != 0 ]] ; then\n    cat << EOM\nerror: The sandbox is not in sync with the Podfile.lock. Run 'pod install' or update your CocoaPods installation.\nEOM\n    exit 1\nfi\n";
			showEnvVarsInLog = 0;
		};
		E4FBF2B53244F99EDA281D37 /* Copy Pods Resources */ = {
			isa = PBXShellScriptBuildPhase;
			buildActionMask = 2147483647;
			files = (
			);
			inputPaths = (
			);
			name = "Copy Pods Resources";
			outputPaths = (
			);
			runOnlyForDeploymentPostprocessing = 0;
			shellPath = /bin/sh;
			shellScript = "\"${SRCROOT}/Pods/Target Support Files/Pods/Pods-resources.sh\"\n";
			showEnvVarsInLog = 0;
		};
/* End PBXShellScriptBuildPhase section */

/* Begin PBXSourcesBuildPhase section */
		00E356EA1AD99517003FC87E /* Sources */ = {
			isa = PBXSourcesBuildPhase;
			buildActionMask = 2147483647;
			files = (
				00E356F31AD99517003FC87E /* idealTests.m in Sources */,
			);
			runOnlyForDeploymentPostprocessing = 0;
		};
		13B07F871A680F5B00A75B9A /* Sources */ = {
			isa = PBXSourcesBuildPhase;
			buildActionMask = 2147483647;
			files = (
				98327B601C3BE82000EF5D2D /* Epay.m in Sources */,
				13B07FBC1A68108700A75B9A /* AppDelegate.m in Sources */,
				98327B661C3C2A3800EF5D2D /* RCTTest.m in Sources */,
				13B07FC11A68108700A75B9A /* main.m in Sources */,
				98327B5D1C3BC40B00EF5D2D /* BMEpayViewController.m in Sources */,
				98327B5C1C3BC40B00EF5D2D /* BMEpayException.m in Sources */,
				98327B691C3CDF1A00EF5D2D /* MediaController.m in Sources */,
			);
			runOnlyForDeploymentPostprocessing = 0;
		};
/* End PBXSourcesBuildPhase section */

/* Begin PBXTargetDependency section */
		00E356F51AD99517003FC87E /* PBXTargetDependency */ = {
			isa = PBXTargetDependency;
			target = 13B07F861A680F5B00A75B9A /* ideal */;
			targetProxy = 00E356F41AD99517003FC87E /* PBXContainerItemProxy */;
		};
/* End PBXTargetDependency section */

/* Begin PBXVariantGroup section */
		13B07FB11A68108700A75B9A /* LaunchScreen.xib */ = {
			isa = PBXVariantGroup;
			children = (
				13B07FB21A68108700A75B9A /* Base */,
			);
			name = LaunchScreen.xib;
			path = ideal;
			sourceTree = "<group>";
		};
/* End PBXVariantGroup section */

/* Begin XCBuildConfiguration section */
		00E356F61AD99517003FC87E /* Debug */ = {
			isa = XCBuildConfiguration;
			buildSettings = {
				BUNDLE_LOADER = "$(TEST_HOST)";
				FRAMEWORK_SEARCH_PATHS = (
					"$(SDKROOT)/Developer/Library/Frameworks",
					"$(inherited)",
				);
				GCC_PREPROCESSOR_DEFINITIONS = (
					"DEBUG=1",
					"$(inherited)",
				);
				INFOPLIST_FILE = idealTests/Info.plist;
				IPHONEOS_DEPLOYMENT_TARGET = 8.2;
				LD_RUNPATH_SEARCH_PATHS = "$(inherited) @executable_path/Frameworks @loader_path/Frameworks";
				PRODUCT_NAME = "$(TARGET_NAME)";
				TEST_HOST = "$(BUILT_PRODUCTS_DIR)/ideal.app/ideal";
			};
			name = Debug;
		};
		00E356F71AD99517003FC87E /* Release */ = {
			isa = XCBuildConfiguration;
			buildSettings = {
				BUNDLE_LOADER = "$(TEST_HOST)";
				COPY_PHASE_STRIP = NO;
				FRAMEWORK_SEARCH_PATHS = (
					"$(SDKROOT)/Developer/Library/Frameworks",
					"$(inherited)",
				);
				INFOPLIST_FILE = idealTests/Info.plist;
				IPHONEOS_DEPLOYMENT_TARGET = 8.2;
				LD_RUNPATH_SEARCH_PATHS = "$(inherited) @executable_path/Frameworks @loader_path/Frameworks";
				PRODUCT_NAME = "$(TARGET_NAME)";
				TEST_HOST = "$(BUILT_PRODUCTS_DIR)/ideal.app/ideal";
			};
			name = Release;
		};
		13B07F941A680F5B00A75B9A /* Debug */ = {
			isa = XCBuildConfiguration;
			baseConfigurationReference = 6E9C8FEF6079D4ECB745805B /* Pods.debug.xcconfig */;
			buildSettings = {
				ASSETCATALOG_COMPILER_APPICON_NAME = AppIcon;
				DEAD_CODE_STRIPPING = NO;
				HEADER_SEARCH_PATHS = (
					"$(inherited)",
					/Applications/Xcode.app/Contents/Developer/Toolchains/XcodeDefault.xctoolchain/usr/include,
					"$(SRCROOT)/../node_modules/react-native/React/**",
				);
				INFOPLIST_FILE = ideal/Info.plist;
				LD_RUNPATH_SEARCH_PATHS = "$(inherited) @executable_path/Frameworks";
				LIBRARY_SEARCH_PATHS = (
					"$(inherited)",
					"$(PROJECT_DIR)/build/Debug-iphoneos",
				);
				OTHER_LDFLAGS = "$(inherited)";
				PRODUCT_NAME = ideal;
			};
			name = Debug;
		};
		13B07F951A680F5B00A75B9A /* Release */ = {
			isa = XCBuildConfiguration;
			baseConfigurationReference = 3CD4B4DCFC59FAE8B320BD18 /* Pods.release.xcconfig */;
			buildSettings = {
				ASSETCATALOG_COMPILER_APPICON_NAME = AppIcon;
				HEADER_SEARCH_PATHS = (
					"$(inherited)",
					/Applications/Xcode.app/Contents/Developer/Toolchains/XcodeDefault.xctoolchain/usr/include,
					"$(SRCROOT)/../node_modules/react-native/React/**",
				);
				INFOPLIST_FILE = ideal/Info.plist;
				LD_RUNPATH_SEARCH_PATHS = "$(inherited) @executable_path/Frameworks";
				LIBRARY_SEARCH_PATHS = (
					"$(inherited)",
					"$(PROJECT_DIR)/build/Debug-iphoneos",
				);
				OTHER_LDFLAGS = "$(inherited)";
				PRODUCT_NAME = ideal;
			};
			name = Release;
		};
		83CBBA201A601CBA00E9B192 /* Debug */ = {
			isa = XCBuildConfiguration;
			buildSettings = {
				ALWAYS_SEARCH_USER_PATHS = NO;
				CLANG_CXX_LANGUAGE_STANDARD = "gnu++0x";
				CLANG_CXX_LIBRARY = "libc++";
				CLANG_ENABLE_MODULES = YES;
				CLANG_ENABLE_OBJC_ARC = YES;
				CLANG_WARN_BOOL_CONVERSION = YES;
				CLANG_WARN_CONSTANT_CONVERSION = YES;
				CLANG_WARN_DIRECT_OBJC_ISA_USAGE = YES_ERROR;
				CLANG_WARN_EMPTY_BODY = YES;
				CLANG_WARN_ENUM_CONVERSION = YES;
				CLANG_WARN_INT_CONVERSION = YES;
				CLANG_WARN_OBJC_ROOT_CLASS = YES_ERROR;
				CLANG_WARN_UNREACHABLE_CODE = YES;
				CLANG_WARN__DUPLICATE_METHOD_MATCH = YES;
				"CODE_SIGN_IDENTITY[sdk=iphoneos*]" = "iPhone Developer";
				COPY_PHASE_STRIP = NO;
				ENABLE_STRICT_OBJC_MSGSEND = YES;
				GCC_C_LANGUAGE_STANDARD = gnu99;
				GCC_DYNAMIC_NO_PIC = NO;
				GCC_OPTIMIZATION_LEVEL = 0;
				GCC_PREPROCESSOR_DEFINITIONS = (
					"DEBUG=1",
					"$(inherited)",
				);
				GCC_SYMBOLS_PRIVATE_EXTERN = NO;
				GCC_WARN_64_TO_32_BIT_CONVERSION = YES;
				GCC_WARN_ABOUT_RETURN_TYPE = YES_ERROR;
				GCC_WARN_UNDECLARED_SELECTOR = YES;
				GCC_WARN_UNINITIALIZED_AUTOS = YES_AGGRESSIVE;
				GCC_WARN_UNUSED_FUNCTION = YES;
				GCC_WARN_UNUSED_VARIABLE = YES;
				HEADER_SEARCH_PATHS = (
					"$(inherited)",
					/Applications/Xcode.app/Contents/Developer/Toolchains/XcodeDefault.xctoolchain/usr/include,
					"$(SRCROOT)/../node_modules/react-native/React/**",
				);
				IPHONEOS_DEPLOYMENT_TARGET = 7.0;
				MTL_ENABLE_DEBUG_INFO = YES;
				ONLY_ACTIVE_ARCH = YES;
				SDKROOT = iphoneos;
			};
			name = Debug;
		};
		83CBBA211A601CBA00E9B192 /* Release */ = {
			isa = XCBuildConfiguration;
			buildSettings = {
				ALWAYS_SEARCH_USER_PATHS = NO;
				CLANG_CXX_LANGUAGE_STANDARD = "gnu++0x";
				CLANG_CXX_LIBRARY = "libc++";
				CLANG_ENABLE_MODULES = YES;
				CLANG_ENABLE_OBJC_ARC = YES;
				CLANG_WARN_BOOL_CONVERSION = YES;
				CLANG_WARN_CONSTANT_CONVERSION = YES;
				CLANG_WARN_DIRECT_OBJC_ISA_USAGE = YES_ERROR;
				CLANG_WARN_EMPTY_BODY = YES;
				CLANG_WARN_ENUM_CONVERSION = YES;
				CLANG_WARN_INT_CONVERSION = YES;
				CLANG_WARN_OBJC_ROOT_CLASS = YES_ERROR;
				CLANG_WARN_UNREACHABLE_CODE = YES;
				CLANG_WARN__DUPLICATE_METHOD_MATCH = YES;
				"CODE_SIGN_IDENTITY[sdk=iphoneos*]" = "iPhone Developer";
				COPY_PHASE_STRIP = YES;
				ENABLE_NS_ASSERTIONS = NO;
				ENABLE_STRICT_OBJC_MSGSEND = YES;
				GCC_C_LANGUAGE_STANDARD = gnu99;
				GCC_WARN_64_TO_32_BIT_CONVERSION = YES;
				GCC_WARN_ABOUT_RETURN_TYPE = YES_ERROR;
				GCC_WARN_UNDECLARED_SELECTOR = YES;
				GCC_WARN_UNINITIALIZED_AUTOS = YES_AGGRESSIVE;
				GCC_WARN_UNUSED_FUNCTION = YES;
				GCC_WARN_UNUSED_VARIABLE = YES;
				HEADER_SEARCH_PATHS = (
					"$(inherited)",
					/Applications/Xcode.app/Contents/Developer/Toolchains/XcodeDefault.xctoolchain/usr/include,
					"$(SRCROOT)/../node_modules/react-native/React/**",
				);
				IPHONEOS_DEPLOYMENT_TARGET = 7.0;
				MTL_ENABLE_DEBUG_INFO = NO;
				SDKROOT = iphoneos;
				VALIDATE_PRODUCT = YES;
			};
			name = Release;
		};
/* End XCBuildConfiguration section */

/* Begin XCConfigurationList section */
		00E357021AD99517003FC87E /* Build configuration list for PBXNativeTarget "idealTests" */ = {
			isa = XCConfigurationList;
			buildConfigurations = (
				00E356F61AD99517003FC87E /* Debug */,
				00E356F71AD99517003FC87E /* Release */,
			);
			defaultConfigurationIsVisible = 0;
			defaultConfigurationName = Release;
		};
		13B07F931A680F5B00A75B9A /* Build configuration list for PBXNativeTarget "ideal" */ = {
			isa = XCConfigurationList;
			buildConfigurations = (
				13B07F941A680F5B00A75B9A /* Debug */,
				13B07F951A680F5B00A75B9A /* Release */,
			);
			defaultConfigurationIsVisible = 0;
			defaultConfigurationName = Release;
		};
		83CBB9FA1A601CBA00E9B192 /* Build configuration list for PBXProject "ideal" */ = {
			isa = XCConfigurationList;
			buildConfigurations = (
				83CBBA201A601CBA00E9B192 /* Debug */,
				83CBBA211A601CBA00E9B192 /* Release */,
			);
			defaultConfigurationIsVisible = 0;
			defaultConfigurationName = Release;
		};
/* End XCConfigurationList section */
	};
	rootObject = 83CBB9F71A601CBA00E9B192 /* Project object */;
}
